<Solution>
  <Project Path="tests/ExampleTests/ExampleTests.fsproj" />
  <Project Path="tests/ContractTests/ContractTests.fsproj" />
  <Project Path="examples/capstone/src/Booking.Domain/Booking.Domain.fsproj" />
  <Project Path="examples/capstone/src/Booking.Contracts/Booking.Contracts.fsproj" />
  <Project Path="examples/capstone/src/Booking.Infrastructure/Booking.Infrastructure.fsproj" />
  <Project Path="examples/capstone/src/Booking.Api/Booking.Api.fsproj" />
  <Project Path="examples/capstone/clients/Booking.CSharpClient/Booking.CSharpClient.csproj" />
  <Project Path="examples/chapters/ch16/Ch16.fsproj" />
  <Project Path="examples/chapters/ch17/Ch17.fsproj" />
  <Project Path="examples/chapters/ch19/Ch19.fsproj" />
  <Project Path="examples/chapters/ch25/Ch25.fsproj" />
  <Project Path="examples/chapters/ch27/FSharpApi/FSharpApi.fsproj" />
  <Project Path="examples/chapters/ch27/CSharpClient/CSharpClient.csproj" />
  <Project Path="examples/chapters/ch31/Ch31.Benchmarks.fsproj" />
  <Project Path="examples/chapters/ch32/Ch32.App.fsproj" />
</Solution>
