{
  "version": 1,
  "dependencies": {
    "net10.0": {
      "FSharp.Core": {
        "type": "Transitive",
        "resolved": "10.1.301",
        "contentHash": "excLf2zM/qUB3WhRUfI0xvOOaPwcRAEdYT/BXe9eiTKySnWVuIKMQTf5+6ETy5nsb1dpLp1s2j2yAM/XcRgFMg=="
      },
      "booking.contracts": {
        "type": "Project",
        "dependencies": {
          "Booking.Domain": "[1.0.0, )",
          "FSharp.Core": "[10.1.301, )"
        }
      },
      "booking.domain": {
        "type": "Project",
        "dependencies": {
          "FSharp.Core": "[10.1.301, )"
        }
      }
    }
  }
}