{
  "version": 1,
  "dependencies": {
    "net10.0": {
      "FSharp.Core": {
        "type": "Direct",
        "requested": "[10.1.301, )",
        "resolved": "10.1.301",
        "contentHash": "excLf2zM/qUB3WhRUfI0xvOOaPwcRAEdYT/BXe9eiTKySnWVuIKMQTf5+6ETy5nsb1dpLp1s2j2yAM/XcRgFMg=="
      },
      "FSharp.Data": {
        "type": "Direct",
        "requested": "[8.2.0, )",
        "resolved": "8.2.0",
        "contentHash": "U9ymmHeGVsRtKu46UNq6dS4wl3Y/0TpzHx5i0mNhzsX/eY0FTblFq1zrOLcuuRNJAbsznwZcnKzOQKkyHxp8fA==",
        "dependencies": {
          "FSharp.Core": "6.0.1",
          "FSharp.Data.Csv.Core": "8.2.0",
          "FSharp.Data.Html.Core": "8.2.0",
          "FSharp.Data.Http": "8.2.0",
          "FSharp.Data.Json.Core": "8.2.0",
          "FSharp.Data.Runtime.Utilities": "8.2.0",
          "FSharp.Data.WorldBank.Core": "8.2.0",
          "FSharp.Data.Xml.Core": "8.2.0"
        }
      },
      "FSharp.Data.Csv.Core": {
        "type": "Transitive",
        "resolved": "8.2.0",
        "contentHash": "uaKCBXsYLbs/Am+1ejKw7y1wLhXvMGnWvUaq/h191Z3mwFG6CsvvIR7hvOMFV99wdjZncwuT6LpqiEugqZPsfg==",
        "dependencies": {
          "FSharp.Core": "6.0.1",
          "FSharp.Data.Runtime.Utilities": "8.2.0"
        }
      },
      "FSharp.Data.Html.Core": {
        "type": "Transitive",
        "resolved": "8.2.0",
        "contentHash": "EyJWmESchSldK+5By3/sOyCzAJ5g86w616S9gRVYL+vOpy4fWsXBssxrDgJHv/5srof0rqG2uIHiMH5o19KgGw==",
        "dependencies": {
          "FSharp.Core": "6.0.1",
          "FSharp.Data.Csv.Core": "8.2.0",
          "FSharp.Data.Json.Core": "8.2.0",
          "FSharp.Data.Runtime.Utilities": "8.2.0"
        }
      },
      "FSharp.Data.Http": {
        "type": "Transitive",
        "resolved": "8.2.0",
        "contentHash": "J5Q1BKJ6uBQo8xJSOD+xyflvx6EUB0QYv76t201iYD9YH7gYpApSsXqmbjtDDhhygeLgjO00uDJtiECiGVqzTg==",
        "dependencies": {
          "FSharp.Core": "6.0.1"
        }
      },
      "FSharp.Data.Json.Core": {
        "type": "Transitive",
        "resolved": "8.2.0",
        "contentHash": "Cw2DJD+RKDcyiSCTFQkIFu2lvALSsAzFV/+c60uyvVyCEAQ7AioYhnMnbzFe8taVTKVDKoOAW2AGyHJhgwGviA==",
        "dependencies": {
          "FSharp.Core": "6.0.1",
          "FSharp.Data.Http": "8.2.0",
          "FSharp.Data.Runtime.Utilities": "8.2.0"
        }
      },
      "FSharp.Data.Runtime.Utilities": {
        "type": "Transitive",
        "resolved": "8.2.0",
        "contentHash": "b0xcKONOvdIq2sHavwIWlSUDYnHqM95R/hDH844xP3LJYjHxsJRwNC+14J9WLLm/sier5SxEj+KXHcZo3cL9aw==",
        "dependencies": {
          "FSharp.Core": "6.0.1",
          "FSharp.Data.Http": "8.2.0"
        }
      },
      "FSharp.Data.WorldBank.Core": {
        "type": "Transitive",
        "resolved": "8.2.0",
        "contentHash": "0yp6cn7jthBZ5igrInDNiL/x5WhjgwCly6DLEy0mPQF4Ey2Fa0gVZcRc5CwWfgeO8cAStpZZomATNzBdY6dqFQ==",
        "dependencies": {
          "FSharp.Core": "6.0.1",
          "FSharp.Data.Http": "8.2.0",
          "FSharp.Data.Json.Core": "8.2.0",
          "FSharp.Data.Runtime.Utilities": "8.2.0"
        }
      },
      "FSharp.Data.Xml.Core": {
        "type": "Transitive",
        "resolved": "8.2.0",
        "contentHash": "ku/wFCH4/N+XBVZUlSYwFAT/dCj0tj+e/f4wSzgLWiGzF8t/EhM5PHwHRIX7GhQxGSamuSYVlT4D/QW/TPCDZw==",
        "dependencies": {
          "FSharp.Core": "6.0.1",
          "FSharp.Data.Http": "8.2.0",
          "FSharp.Data.Json.Core": "8.2.0",
          "FSharp.Data.Runtime.Utilities": "8.2.0"
        }
      }
    }
  }
}